# THIS IS AN AUTOGENERATED FILE. DO NOT EDIT THIS FILE DIRECTLY.
# yarn lockfile v1


"@vue/reactivity@^3.2.2":
  version "3.2.2"
  resolved "https://registry.yarnpkg.com/@vue/reactivity/-/reactivity-3.2.2.tgz#d37011a68395e038a3cf5256af52d48c591b06b6"
  integrity sha512-IHjhtmrhK6dzacj/EnLQDWOaA3HuzzVk6w84qgV8EpS4uWGIJXiRalMRg6XvGW2ykJvIl3pLsF0aBFlTMRiLOA==
  dependencies:
    "@vue/shared" "3.2.2"

"@vue/shared@3.2.2":
  version "3.2.2"
  resolved "https://registry.yarnpkg.com/@vue/shared/-/shared-3.2.2.tgz#6104185ebd57af5a14ac51c1f491b2205fc24054"
  integrity sha512-dvYb318tk9uOzHtSaT3WII/HscQSIRzoCZ5GyxEb3JlkEXASpAUAQwKnvSe2CudnF8XHFRTB7VITWSnWNLZUtA==
